
Microsoft Visual Studio Solution File, Format Version 12.00
# Visual Studio Version 17
VisualStudioVersion = 17.2.32616.157
MinimumVisualStudioVersion = 10.0.40219.1
Project("{FAE04EC0-301F-11D3-BF4B-00C04F79EFBC}") = "EClerx.LayeredDemo.DAL", "EClerx.LayeredDemo.DAL\EClerx.LayeredDemo.DAL.csproj", "{017F97B4-49CF-499C-BD04-D4C00FF7464D}"
EndProject
Project("{FAE04EC0-301F-11D3-BF4B-00C04F79EFBC}") = "EClerx.LayeredDemo.BLL", "EClerx.LayeredDemo.BLL\EClerx.LayeredDemo.BLL.csproj", "{CE419D4A-9AED-45A7-ADD6-6F44058288C6}"
EndProject
Project("{FAE04EC0-301F-11D3-BF4B-00C04F79EFBC}") = "EClerx.LayeredDemo.PL", "EClerx.LayeredDemo.PL\EClerx.LayeredDemo.PL.csproj", "{66D2111E-5AAC-4B45-B935-2BB8787FE624}"
EndProject
Global
	GlobalSection(SolutionConfigurationPlatforms) = preSolution
		Debug|Any CPU = Debug|Any CPU
		Release|Any CPU = Release|Any CPU
	EndGlobalSection
	GlobalSection(ProjectConfigurationPlatforms) = postSolution
		{017F97B4-49CF-499C-BD04-D4C00FF7464D}.Debug|Any CPU.ActiveCfg = Debug|Any CPU
		{017F97B4-49CF-499C-BD04-D4C00FF7464D}.Debug|Any CPU.Build.0 = Debug|Any CPU
		{017F97B4-49CF-499C-BD04-D4C00FF7464D}.Release|Any CPU.ActiveCfg = Release|Any CPU
		{017F97B4-49CF-499C-BD04-D4C00FF7464D}.Release|Any CPU.Build.0 = Release|Any CPU
		{CE419D4A-9AED-45A7-ADD6-6F44058288C6}.Debug|Any CPU.ActiveCfg = Debug|Any CPU
		{CE419D4A-9AED-45A7-ADD6-6F44058288C6}.Debug|Any CPU.Build.0 = Debug|Any CPU
		{CE419D4A-9AED-45A7-ADD6-6F44058288C6}.Release|Any CPU.ActiveCfg = Release|Any CPU
		{CE419D4A-9AED-45A7-ADD6-6F44058288C6}.Release|Any CPU.Build.0 = Release|Any CPU
		{66D2111E-5AAC-4B45-B935-2BB8787FE624}.Debug|Any CPU.ActiveCfg = Debug|Any CPU
		{66D2111E-5AAC-4B45-B935-2BB8787FE624}.Debug|Any CPU.Build.0 = Debug|Any CPU
		{66D2111E-5AAC-4B45-B935-2BB8787FE624}.Release|Any CPU.ActiveCfg = Release|Any CPU
		{66D2111E-5AAC-4B45-B935-2BB8787FE624}.Release|Any CPU.Build.0 = Release|Any CPU
	EndGlobalSection
	GlobalSection(SolutionProperties) = preSolution
		HideSolutionNode = FALSE
	EndGlobalSection
	GlobalSection(ExtensibilityGlobals) = postSolution
		SolutionGuid = {1B6C291E-A4A8-4906-88D4-7AD2C7AF9494}
	EndGlobalSection
EndGlobal
